PODS:
  - Capacitor (5.7.8):
    - CapacitorCordova
  - CapacitorApp (5.0.3):
    - Capacitor
  - CapacitorCamera (5.0.6):
    - Capacitor
  - CapacitorClipboard (5.0.4):
    - Capacitor
  - CapacitorCommunityBarcodeScanner (4.0.1):
    - Capacitor
  - CapacitorCordova (5.7.8)
  - CapacitorDevice (5.0.6):
    - Capacitor
  - CapacitorFilesystem (6.0.1):
    - Capacitor
  - CapacitorGeolocation (5.0.7):
    - Capacitor
  - CapacitorHaptics (5.0.4):
    - Capacitor
  - CapacitorKeyboard (5.0.4):
    - Capacitor
  - CapacitorNativeSettings (5.0.1):
    - Capacitor
  - CapacitorNetwork (5.0.7):
    - Capacitor
  - CapacitorPushNotifications (5.0.5):
    - Capacitor
  - CapacitorSplashScreen (5.0.5):
    - Capacitor
  - CapacitorStatusBar (5.0.4):
    - Capacitor
  - CapacitorTextZoom (5.0.4):
    - Capacitor
  - CapawesomeCapacitorFilePicker (6.0.1):
    - Capacitor
  - CordovaPlugins (5.7.8):
    - CapacitorCordova
  - CordovaPluginsResources (0.0.105)
  - ffmpeg-kit-ios-full-gpl (6.0)
  - VideoCropperProcessor (0.0.1):
    - Capacitor

DEPENDENCIES:
  - "Capacitor (from `../../node_modules/@capacitor/ios`)"
  - "CapacitorApp (from `../../node_modules/@capacitor/app`)"
  - "CapacitorCamera (from `../../node_modules/@capacitor/camera`)"
  - "CapacitorClipboard (from `../../node_modules/@capacitor/clipboard`)"
  - "CapacitorCommunityBarcodeScanner (from `../../node_modules/@capacitor-community/barcode-scanner`)"
  - "CapacitorCordova (from `../../node_modules/@capacitor/ios`)"
  - "CapacitorDevice (from `../../node_modules/@capacitor/device`)"
  - "CapacitorFilesystem (from `../../node_modules/@capacitor/filesystem`)"
  - "CapacitorGeolocation (from `../../node_modules/@capacitor/geolocation`)"
  - "CapacitorHaptics (from `../../node_modules/@capacitor/haptics`)"
  - "CapacitorKeyboard (from `../../node_modules/@capacitor/keyboard`)"
  - CapacitorNativeSettings (from `../../node_modules/capacitor-native-settings`)
  - "CapacitorNetwork (from `../../node_modules/@capacitor/network`)"
  - "CapacitorPushNotifications (from `../../node_modules/@capacitor/push-notifications`)"
  - "CapacitorSplashScreen (from `../../node_modules/@capacitor/splash-screen`)"
  - "CapacitorStatusBar (from `../../node_modules/@capacitor/status-bar`)"
  - "CapacitorTextZoom (from `../../node_modules/@capacitor/text-zoom`)"
  - "CapawesomeCapacitorFilePicker (from `../../node_modules/@capawesome/capacitor-file-picker`)"
  - CordovaPlugins (from `../capacitor-cordova-ios-plugins`)
  - CordovaPluginsResources (from `../capacitor-cordova-ios-plugins`)
  - ffmpeg-kit-ios-full-gpl
  - VideoCropperProcessor (from `../../../video-cropper-processor`)

SPEC REPOS:
  trunk:
    - ffmpeg-kit-ios-full-gpl

EXTERNAL SOURCES:
  Capacitor:
    :path: "../../node_modules/@capacitor/ios"
  CapacitorApp:
    :path: "../../node_modules/@capacitor/app"
  CapacitorCamera:
    :path: "../../node_modules/@capacitor/camera"
  CapacitorClipboard:
    :path: "../../node_modules/@capacitor/clipboard"
  CapacitorCommunityBarcodeScanner:
    :path: "../../node_modules/@capacitor-community/barcode-scanner"
  CapacitorCordova:
    :path: "../../node_modules/@capacitor/ios"
  CapacitorDevice:
    :path: "../../node_modules/@capacitor/device"
  CapacitorFilesystem:
    :path: "../../node_modules/@capacitor/filesystem"
  CapacitorGeolocation:
    :path: "../../node_modules/@capacitor/geolocation"
  CapacitorHaptics:
    :path: "../../node_modules/@capacitor/haptics"
  CapacitorKeyboard:
    :path: "../../node_modules/@capacitor/keyboard"
  CapacitorNativeSettings:
    :path: "../../node_modules/capacitor-native-settings"
  CapacitorNetwork:
    :path: "../../node_modules/@capacitor/network"
  CapacitorPushNotifications:
    :path: "../../node_modules/@capacitor/push-notifications"
  CapacitorSplashScreen:
    :path: "../../node_modules/@capacitor/splash-screen"
  CapacitorStatusBar:
    :path: "../../node_modules/@capacitor/status-bar"
  CapacitorTextZoom:
    :path: "../../node_modules/@capacitor/text-zoom"
  CapawesomeCapacitorFilePicker:
    :path: "../../node_modules/@capawesome/capacitor-file-picker"
  CordovaPlugins:
    :path: "../capacitor-cordova-ios-plugins"
  CordovaPluginsResources:
    :path: "../capacitor-cordova-ios-plugins"
  VideoCropperProcessor:
    :path: "../../../video-cropper-processor"

SPEC CHECKSUMS:
  Capacitor: 747aadb4fa786f460d8cd9d0557cb81440a13747
  CapacitorApp: 7a5dec8b33573707164b293475d5c89ba684364a
  CapacitorCamera: 4a95204d13a05b0b726bf9086b44124349ab1952
  CapacitorClipboard: 46f3959735fa0d96b9989dafcc4aed52e624d163
  CapacitorCommunityBarcodeScanner: 7feb206489c8555a8ca0c74c57ddf49ead774eb8
  CapacitorCordova: 31ab98dca2ddcee051027a1afe7e8c85c82f7297
  CapacitorDevice: 2c968f98a1ec4d22357418c1521e7ddc46c675e6
  CapacitorFilesystem: 37fb3aa5c945b4539ab11c74a5c57925a302bf24
  CapacitorGeolocation: 918a292459542bcce98433f9e7c7909f8c72838a
  CapacitorHaptics: e36653b37326d71bb35ae42b944124037dbc3d97
  CapacitorKeyboard: d1b25fde6f19744ad09c890862aefc6e2a7ded3d
  CapacitorNativeSettings: 6e94ed3c0465206756f320df18efc52f053ce3c7
  CapacitorNetwork: 81ef9728aa7a65cac8c1181ce79e578162b57b57
  CapacitorPushNotifications: 6ec1a5d0dff2e8b2456bce633996d15fc9de92ac
  CapacitorSplashScreen: e563abf6d590bfe0269515ccc9d8bc03c41f32e9
  CapacitorStatusBar: 190e0321b8734f4244d0c81baa183a00d5806ddf
  CapacitorTextZoom: b1fb624a67d3a487a4b5783d18aaa7b2898bab77
  CapawesomeCapacitorFilePicker: c80c30759ba48986ff34a2b51b23ac2babfd3774
  CordovaPlugins: 074f303192333845d16beebf57d40ae598494ab3
  CordovaPluginsResources: 0c211f770ed91763a179ebcd9b9346e120b70662
  ffmpeg-kit-ios-full-gpl: 80adc341962e55ef709e36baa8ed9a70cf4ea62b
  VideoCropperProcessor: 9f8944bf19a98226f6d69b3b6be758bee562520d

PODFILE CHECKSUM: f86d041ef7724b55bd29c721d34f62adb34b8f44

COCOAPODS: 1.15.2
